
Microsoft Visual Studio Solution File, Format Version 12.00
# Visual Studio Version 17
VisualStudioVersion = 17.10.35122.118
MinimumVisualStudioVersion = 10.0.40219.1
Project("{FAE04EC0-301F-11D3-BF4B-00C04F79EFBC}") = "ExactaEasyUI", "ExactaEasy\ExactaEasyUI.csproj", "{19087D84-53FB-4FF8-93DC-EC11CFCA5955}"
EndProject
Project("{FAE04EC0-301F-11D3-BF4B-00C04F79EFBC}") = "ExactaEasyEng", "ExEyWS\ExactaEasyEng.csproj", "{1EC5A2F4-2F55-4C6A-BACC-7C6B760D9EDC}"
EndProject
Project("{FAE04EC0-301F-11D3-BF4B-00C04F79EFBC}") = "DisplayManager", "DisplayManager\DisplayManager.csproj", "{1FFDC578-EC0D-45EF-B585-63545D434A4B}"
EndProject
Project("{FAE04EC0-301F-11D3-BF4B-00C04F79EFBC}") = "ExactaEasyCore", "ExactaEasyCore\ExactaEasyCore.csproj", "{6108663E-7F47-4E1C-9764-4266AC445F9C}"
EndProject
Project("{FAE04EC0-301F-11D3-BF4B-00C04F79EFBC}") = "GretelClient", "GretelClient\GretelClient.csproj", "{A8D73222-EFC2-49AB-8077-939FEA585BAF}"
EndProject
Project("{FAE04EC0-301F-11D3-BF4B-00C04F79EFBC}") = "ExEyGateway", "ExEyGateway\ExEyGateway\ExEyGateway.csproj", "{3EB32EFE-0199-4253-8B9B-99D580458406}"
EndProject
Project("{FAE04EC0-301F-11D3-BF4B-00C04F79EFBC}") = "ExEyGtwTest", "ExEyGateway\ExEyGtwTest\ExEyGtwTest.csproj", "{8D796EDD-1697-4F62-8CBA-0F237996B7FB}"
EndProject
Project("{FAE04EC0-301F-11D3-BF4B-00C04F79EFBC}") = "EoptisClient2", "EoptisClientRev2\EoptisClient\EoptisClient2.csproj", "{F13316FF-D724-411C-B246-7B066DCBC604}"
EndProject
Project("{FAE04EC0-301F-11D3-BF4B-00C04F79EFBC}") = "machineConfiguration", "machineConfiguration\machineConfiguration.csproj", "{98441CB8-5635-454D-8CA1-E4B11AFAB84E}"
EndProject
Project("{FAE04EC0-301F-11D3-BF4B-00C04F79EFBC}") = "Hvld", "Hvld\Hvld.csproj", "{3071EBB5-C4B4-4E01-A5A2-6556F356D41A}"
EndProject
Project("{FAE04EC0-301F-11D3-BF4B-00C04F79EFBC}") = "HvldTest", "HvldTest\HvldTest.csproj", "{555027A4-648A-4DDC-A89D-3473A298F74F}"
EndProject
Project("{FAE04EC0-301F-11D3-BF4B-00C04F79EFBC}") = "OptrelInterProcessComm", "OptrelInterProcessComm\OptrelInterProcessComm.csproj", "{5C292BC5-B0D9-4EA2-B4B3-22CE0FFFBCD8}"
EndProject
Project("{FAE04EC0-301F-11D3-BF4B-00C04F79EFBC}") = "Logger", "Logger\Logger.csproj", "{E574A57E-8CEA-4C61-BA1E-C7D9BC1B43F5}"
EndProject
Project("{FAE04EC0-301F-11D3-BF4B-00C04F79EFBC}") = "OptrelInterProcessTest", "OptrelInterProcessTest\OptrelInterProcessTest.csproj", "{FDE52627-8CEB-4C4A-A455-9F5DDBB7923B}"
EndProject
Global
	GlobalSection(SolutionConfigurationPlatforms) = preSolution
		Debug|Any CPU = Debug|Any CPU
		Debug|Mixed Platforms = Debug|Mixed Platforms
		Debug|Win32 = Debug|Win32
		Debug|x64 = Debug|x64
		Debug|x86 = Debug|x86
		Release|Any CPU = Release|Any CPU
		Release|Mixed Platforms = Release|Mixed Platforms
		Release|Win32 = Release|Win32
		Release|x64 = Release|x64
		Release|x86 = Release|x86
	EndGlobalSection
	GlobalSection(ProjectConfigurationPlatforms) = postSolution
		{19087D84-53FB-4FF8-93DC-EC11CFCA5955}.Debug|Any CPU.ActiveCfg = Debug|Any CPU
		{19087D84-53FB-4FF8-93DC-EC11CFCA5955}.Debug|Any CPU.Build.0 = Debug|Any CPU
		{19087D84-53FB-4FF8-93DC-EC11CFCA5955}.Debug|Mixed Platforms.ActiveCfg = Debug|Any CPU
		{19087D84-53FB-4FF8-93DC-EC11CFCA5955}.Debug|Mixed Platforms.Build.0 = Debug|Any CPU
		{19087D84-53FB-4FF8-93DC-EC11CFCA5955}.Debug|Win32.ActiveCfg = Debug|x86
		{19087D84-53FB-4FF8-93DC-EC11CFCA5955}.Debug|Win32.Build.0 = Debug|x86
		{19087D84-53FB-4FF8-93DC-EC11CFCA5955}.Debug|x64.ActiveCfg = Debug|x64
		{19087D84-53FB-4FF8-93DC-EC11CFCA5955}.Debug|x64.Build.0 = Debug|x64
		{19087D84-53FB-4FF8-93DC-EC11CFCA5955}.Debug|x86.ActiveCfg = Debug|x86
		{19087D84-53FB-4FF8-93DC-EC11CFCA5955}.Debug|x86.Build.0 = Debug|x86
		{19087D84-53FB-4FF8-93DC-EC11CFCA5955}.Release|Any CPU.ActiveCfg = Release|Any CPU
		{19087D84-53FB-4FF8-93DC-EC11CFCA5955}.Release|Any CPU.Build.0 = Release|Any CPU
		{19087D84-53FB-4FF8-93DC-EC11CFCA5955}.Release|Mixed Platforms.ActiveCfg = Release|Any CPU
		{19087D84-53FB-4FF8-93DC-EC11CFCA5955}.Release|Mixed Platforms.Build.0 = Release|Any CPU
		{19087D84-53FB-4FF8-93DC-EC11CFCA5955}.Release|Win32.ActiveCfg = Release|x86
		{19087D84-53FB-4FF8-93DC-EC11CFCA5955}.Release|x64.ActiveCfg = Release|x86
		{19087D84-53FB-4FF8-93DC-EC11CFCA5955}.Release|x86.ActiveCfg = Release|x86
		{19087D84-53FB-4FF8-93DC-EC11CFCA5955}.Release|x86.Build.0 = Release|x86
		{1EC5A2F4-2F55-4C6A-BACC-7C6B760D9EDC}.Debug|Any CPU.ActiveCfg = Debug|Any CPU
		{1EC5A2F4-2F55-4C6A-BACC-7C6B760D9EDC}.Debug|Any CPU.Build.0 = Debug|Any CPU
		{1EC5A2F4-2F55-4C6A-BACC-7C6B760D9EDC}.Debug|Mixed Platforms.ActiveCfg = Debug|Any CPU
		{1EC5A2F4-2F55-4C6A-BACC-7C6B760D9EDC}.Debug|Mixed Platforms.Build.0 = Debug|Any CPU
		{1EC5A2F4-2F55-4C6A-BACC-7C6B760D9EDC}.Debug|Win32.ActiveCfg = Debug|x86
		{1EC5A2F4-2F55-4C6A-BACC-7C6B760D9EDC}.Debug|Win32.Build.0 = Debug|x86
		{1EC5A2F4-2F55-4C6A-BACC-7C6B760D9EDC}.Debug|x64.ActiveCfg = Debug|x64
		{1EC5A2F4-2F55-4C6A-BACC-7C6B760D9EDC}.Debug|x64.Build.0 = Debug|x64
		{1EC5A2F4-2F55-4C6A-BACC-7C6B760D9EDC}.Debug|x86.ActiveCfg = Debug|x86
		{1EC5A2F4-2F55-4C6A-BACC-7C6B760D9EDC}.Debug|x86.Build.0 = Debug|x86
		{1EC5A2F4-2F55-4C6A-BACC-7C6B760D9EDC}.Release|Any CPU.ActiveCfg = Release|Any CPU
		{1EC5A2F4-2F55-4C6A-BACC-7C6B760D9EDC}.Release|Any CPU.Build.0 = Release|Any CPU
		{1EC5A2F4-2F55-4C6A-BACC-7C6B760D9EDC}.Release|Mixed Platforms.ActiveCfg = Release|Any CPU
		{1EC5A2F4-2F55-4C6A-BACC-7C6B760D9EDC}.Release|Mixed Platforms.Build.0 = Release|Any CPU
		{1EC5A2F4-2F55-4C6A-BACC-7C6B760D9EDC}.Release|Win32.ActiveCfg = Release|Any CPU
		{1EC5A2F4-2F55-4C6A-BACC-7C6B760D9EDC}.Release|x64.ActiveCfg = Release|Any CPU
		{1EC5A2F4-2F55-4C6A-BACC-7C6B760D9EDC}.Release|x86.ActiveCfg = Release|x86
		{1EC5A2F4-2F55-4C6A-BACC-7C6B760D9EDC}.Release|x86.Build.0 = Release|x86
		{1FFDC578-EC0D-45EF-B585-63545D434A4B}.Debug|Any CPU.ActiveCfg = Debug|Any CPU
		{1FFDC578-EC0D-45EF-B585-63545D434A4B}.Debug|Any CPU.Build.0 = Debug|Any CPU
		{1FFDC578-EC0D-45EF-B585-63545D434A4B}.Debug|Mixed Platforms.ActiveCfg = Debug|Any CPU
		{1FFDC578-EC0D-45EF-B585-63545D434A4B}.Debug|Mixed Platforms.Build.0 = Debug|Any CPU
		{1FFDC578-EC0D-45EF-B585-63545D434A4B}.Debug|Win32.ActiveCfg = Debug|x86
		{1FFDC578-EC0D-45EF-B585-63545D434A4B}.Debug|Win32.Build.0 = Debug|x86
		{1FFDC578-EC0D-45EF-B585-63545D434A4B}.Debug|x64.ActiveCfg = Debug|x64
		{1FFDC578-EC0D-45EF-B585-63545D434A4B}.Debug|x64.Build.0 = Debug|x64
		{1FFDC578-EC0D-45EF-B585-63545D434A4B}.Debug|x86.ActiveCfg = Debug|x86
		{1FFDC578-EC0D-45EF-B585-63545D434A4B}.Debug|x86.Build.0 = Debug|x86
		{1FFDC578-EC0D-45EF-B585-63545D434A4B}.Release|Any CPU.ActiveCfg = Release|Any CPU
		{1FFDC578-EC0D-45EF-B585-63545D434A4B}.Release|Any CPU.Build.0 = Release|Any CPU
		{1FFDC578-EC0D-45EF-B585-63545D434A4B}.Release|Mixed Platforms.ActiveCfg = Release|Any CPU
		{1FFDC578-EC0D-45EF-B585-63545D434A4B}.Release|Mixed Platforms.Build.0 = Release|Any CPU
		{1FFDC578-EC0D-45EF-B585-63545D434A4B}.Release|Win32.ActiveCfg = Release|Any CPU
		{1FFDC578-EC0D-45EF-B585-63545D434A4B}.Release|x64.ActiveCfg = Release|Any CPU
		{1FFDC578-EC0D-45EF-B585-63545D434A4B}.Release|x86.ActiveCfg = Release|x86
		{1FFDC578-EC0D-45EF-B585-63545D434A4B}.Release|x86.Build.0 = Release|x86
		{6108663E-7F47-4E1C-9764-4266AC445F9C}.Debug|Any CPU.ActiveCfg = Debug|Any CPU
		{6108663E-7F47-4E1C-9764-4266AC445F9C}.Debug|Any CPU.Build.0 = Debug|Any CPU
		{6108663E-7F47-4E1C-9764-4266AC445F9C}.Debug|Mixed Platforms.ActiveCfg = Debug|Any CPU
		{6108663E-7F47-4E1C-9764-4266AC445F9C}.Debug|Mixed Platforms.Build.0 = Debug|Any CPU
		{6108663E-7F47-4E1C-9764-4266AC445F9C}.Debug|Win32.ActiveCfg = Debug|Any CPU
		{6108663E-7F47-4E1C-9764-4266AC445F9C}.Debug|x64.ActiveCfg = Debug|x64
		{6108663E-7F47-4E1C-9764-4266AC445F9C}.Debug|x64.Build.0 = Debug|x64
		{6108663E-7F47-4E1C-9764-4266AC445F9C}.Debug|x86.ActiveCfg = Debug|x86
		{6108663E-7F47-4E1C-9764-4266AC445F9C}.Debug|x86.Build.0 = Debug|x86
		{6108663E-7F47-4E1C-9764-4266AC445F9C}.Release|Any CPU.ActiveCfg = Release|Any CPU
		{6108663E-7F47-4E1C-9764-4266AC445F9C}.Release|Any CPU.Build.0 = Release|Any CPU
		{6108663E-7F47-4E1C-9764-4266AC445F9C}.Release|Mixed Platforms.ActiveCfg = Release|Any CPU
		{6108663E-7F47-4E1C-9764-4266AC445F9C}.Release|Mixed Platforms.Build.0 = Release|Any CPU
		{6108663E-7F47-4E1C-9764-4266AC445F9C}.Release|Win32.ActiveCfg = Release|Any CPU
		{6108663E-7F47-4E1C-9764-4266AC445F9C}.Release|x64.ActiveCfg = Release|Any CPU
		{6108663E-7F47-4E1C-9764-4266AC445F9C}.Release|x86.ActiveCfg = Release|x86
		{6108663E-7F47-4E1C-9764-4266AC445F9C}.Release|x86.Build.0 = Release|x86
		{A8D73222-EFC2-49AB-8077-939FEA585BAF}.Debug|Any CPU.ActiveCfg = Debug|Any CPU
		{A8D73222-EFC2-49AB-8077-939FEA585BAF}.Debug|Any CPU.Build.0 = Debug|Any CPU
		{A8D73222-EFC2-49AB-8077-939FEA585BAF}.Debug|Mixed Platforms.ActiveCfg = Debug|Any CPU
		{A8D73222-EFC2-49AB-8077-939FEA585BAF}.Debug|Mixed Platforms.Build.0 = Debug|Any CPU
		{A8D73222-EFC2-49AB-8077-939FEA585BAF}.Debug|Win32.ActiveCfg = Debug|Any CPU
		{A8D73222-EFC2-49AB-8077-939FEA585BAF}.Debug|x64.ActiveCfg = Debug|x64
		{A8D73222-EFC2-49AB-8077-939FEA585BAF}.Debug|x64.Build.0 = Debug|x64
		{A8D73222-EFC2-49AB-8077-939FEA585BAF}.Debug|x86.ActiveCfg = Debug|x86
		{A8D73222-EFC2-49AB-8077-939FEA585BAF}.Debug|x86.Build.0 = Debug|x86
		{A8D73222-EFC2-49AB-8077-939FEA585BAF}.Release|Any CPU.ActiveCfg = Release|Any CPU
		{A8D73222-EFC2-49AB-8077-939FEA585BAF}.Release|Any CPU.Build.0 = Release|Any CPU
		{A8D73222-EFC2-49AB-8077-939FEA585BAF}.Release|Mixed Platforms.ActiveCfg = Release|Any CPU
		{A8D73222-EFC2-49AB-8077-939FEA585BAF}.Release|Mixed Platforms.Build.0 = Release|Any CPU
		{A8D73222-EFC2-49AB-8077-939FEA585BAF}.Release|Win32.ActiveCfg = Release|Any CPU
		{A8D73222-EFC2-49AB-8077-939FEA585BAF}.Release|x64.ActiveCfg = Release|Any CPU
		{A8D73222-EFC2-49AB-8077-939FEA585BAF}.Release|x86.ActiveCfg = Release|x86
		{A8D73222-EFC2-49AB-8077-939FEA585BAF}.Release|x86.Build.0 = Release|x86
		{3EB32EFE-0199-4253-8B9B-99D580458406}.Debug|Any CPU.ActiveCfg = Debug|Any CPU
		{3EB32EFE-0199-4253-8B9B-99D580458406}.Debug|Any CPU.Build.0 = Debug|Any CPU
		{3EB32EFE-0199-4253-8B9B-99D580458406}.Debug|Mixed Platforms.ActiveCfg = Debug|Any CPU
		{3EB32EFE-0199-4253-8B9B-99D580458406}.Debug|Mixed Platforms.Build.0 = Debug|Any CPU
		{3EB32EFE-0199-4253-8B9B-99D580458406}.Debug|Win32.ActiveCfg = Debug|Any CPU
		{3EB32EFE-0199-4253-8B9B-99D580458406}.Debug|x64.ActiveCfg = Debug|Any CPU
		{3EB32EFE-0199-4253-8B9B-99D580458406}.Debug|x64.Build.0 = Debug|Any CPU
		{3EB32EFE-0199-4253-8B9B-99D580458406}.Debug|x86.ActiveCfg = Debug|x86
		{3EB32EFE-0199-4253-8B9B-99D580458406}.Debug|x86.Build.0 = Debug|x86
		{3EB32EFE-0199-4253-8B9B-99D580458406}.Release|Any CPU.ActiveCfg = Release|Any CPU
		{3EB32EFE-0199-4253-8B9B-99D580458406}.Release|Any CPU.Build.0 = Release|Any CPU
		{3EB32EFE-0199-4253-8B9B-99D580458406}.Release|Mixed Platforms.ActiveCfg = Release|Any CPU
		{3EB32EFE-0199-4253-8B9B-99D580458406}.Release|Mixed Platforms.Build.0 = Release|Any CPU
		{3EB32EFE-0199-4253-8B9B-99D580458406}.Release|Win32.ActiveCfg = Release|Any CPU
		{3EB32EFE-0199-4253-8B9B-99D580458406}.Release|x64.ActiveCfg = Release|Any CPU
		{3EB32EFE-0199-4253-8B9B-99D580458406}.Release|x86.ActiveCfg = Release|Any CPU
		{8D796EDD-1697-4F62-8CBA-0F237996B7FB}.Debug|Any CPU.ActiveCfg = Debug|x86
		{8D796EDD-1697-4F62-8CBA-0F237996B7FB}.Debug|Any CPU.Build.0 = Debug|x86
		{8D796EDD-1697-4F62-8CBA-0F237996B7FB}.Debug|Mixed Platforms.ActiveCfg = Debug|Any CPU
		{8D796EDD-1697-4F62-8CBA-0F237996B7FB}.Debug|Mixed Platforms.Build.0 = Debug|Any CPU
		{8D796EDD-1697-4F62-8CBA-0F237996B7FB}.Debug|Win32.ActiveCfg = Debug|x86
		{8D796EDD-1697-4F62-8CBA-0F237996B7FB}.Debug|Win32.Build.0 = Debug|x86
		{8D796EDD-1697-4F62-8CBA-0F237996B7FB}.Debug|x64.ActiveCfg = Debug|x86
		{8D796EDD-1697-4F62-8CBA-0F237996B7FB}.Debug|x64.Build.0 = Debug|x86
		{8D796EDD-1697-4F62-8CBA-0F237996B7FB}.Debug|x86.ActiveCfg = Debug|x86
		{8D796EDD-1697-4F62-8CBA-0F237996B7FB}.Debug|x86.Build.0 = Debug|x86
		{8D796EDD-1697-4F62-8CBA-0F237996B7FB}.Release|Any CPU.ActiveCfg = Release|x86
		{8D796EDD-1697-4F62-8CBA-0F237996B7FB}.Release|Any CPU.Build.0 = Release|x86
		{8D796EDD-1697-4F62-8CBA-0F237996B7FB}.Release|Mixed Platforms.ActiveCfg = Release|x86
		{8D796EDD-1697-4F62-8CBA-0F237996B7FB}.Release|Mixed Platforms.Build.0 = Release|x86
		{8D796EDD-1697-4F62-8CBA-0F237996B7FB}.Release|Win32.ActiveCfg = Release|x86
		{8D796EDD-1697-4F62-8CBA-0F237996B7FB}.Release|Win32.Build.0 = Release|x86
		{8D796EDD-1697-4F62-8CBA-0F237996B7FB}.Release|x64.ActiveCfg = Release|x86
		{8D796EDD-1697-4F62-8CBA-0F237996B7FB}.Release|x86.ActiveCfg = Release|x86
		{8D796EDD-1697-4F62-8CBA-0F237996B7FB}.Release|x86.Build.0 = Release|x86
		{F13316FF-D724-411C-B246-7B066DCBC604}.Debug|Any CPU.ActiveCfg = Debug|Any CPU
		{F13316FF-D724-411C-B246-7B066DCBC604}.Debug|Any CPU.Build.0 = Debug|Any CPU
		{F13316FF-D724-411C-B246-7B066DCBC604}.Debug|Mixed Platforms.ActiveCfg = Debug|x86
		{F13316FF-D724-411C-B246-7B066DCBC604}.Debug|Mixed Platforms.Build.0 = Debug|x86
		{F13316FF-D724-411C-B246-7B066DCBC604}.Debug|Win32.ActiveCfg = Debug|x86
		{F13316FF-D724-411C-B246-7B066DCBC604}.Debug|Win32.Build.0 = Debug|x86
		{F13316FF-D724-411C-B246-7B066DCBC604}.Debug|x64.ActiveCfg = Debug|x64
		{F13316FF-D724-411C-B246-7B066DCBC604}.Debug|x64.Build.0 = Debug|x64
		{F13316FF-D724-411C-B246-7B066DCBC604}.Debug|x86.ActiveCfg = Debug|x86
		{F13316FF-D724-411C-B246-7B066DCBC604}.Debug|x86.Build.0 = Debug|x86
		{F13316FF-D724-411C-B246-7B066DCBC604}.Release|Any CPU.ActiveCfg = Release|Any CPU
		{F13316FF-D724-411C-B246-7B066DCBC604}.Release|Any CPU.Build.0 = Release|Any CPU
		{F13316FF-D724-411C-B246-7B066DCBC604}.Release|Mixed Platforms.ActiveCfg = Release|x86
		{F13316FF-D724-411C-B246-7B066DCBC604}.Release|Mixed Platforms.Build.0 = Release|x86
		{F13316FF-D724-411C-B246-7B066DCBC604}.Release|Win32.ActiveCfg = Release|x86
		{F13316FF-D724-411C-B246-7B066DCBC604}.Release|Win32.Build.0 = Release|x86
		{F13316FF-D724-411C-B246-7B066DCBC604}.Release|x64.ActiveCfg = Release|x64
		{F13316FF-D724-411C-B246-7B066DCBC604}.Release|x64.Build.0 = Release|x64
		{F13316FF-D724-411C-B246-7B066DCBC604}.Release|x86.ActiveCfg = Release|x86
		{F13316FF-D724-411C-B246-7B066DCBC604}.Release|x86.Build.0 = Release|x86
		{98441CB8-5635-454D-8CA1-E4B11AFAB84E}.Debug|Any CPU.ActiveCfg = Debug|Any CPU
		{98441CB8-5635-454D-8CA1-E4B11AFAB84E}.Debug|Any CPU.Build.0 = Debug|Any CPU
		{98441CB8-5635-454D-8CA1-E4B11AFAB84E}.Debug|Mixed Platforms.ActiveCfg = Debug|Any CPU
		{98441CB8-5635-454D-8CA1-E4B11AFAB84E}.Debug|Mixed Platforms.Build.0 = Debug|Any CPU
		{98441CB8-5635-454D-8CA1-E4B11AFAB84E}.Debug|Win32.ActiveCfg = Debug|Any CPU
		{98441CB8-5635-454D-8CA1-E4B11AFAB84E}.Debug|Win32.Build.0 = Debug|Any CPU
		{98441CB8-5635-454D-8CA1-E4B11AFAB84E}.Debug|x64.ActiveCfg = Debug|Any CPU
		{98441CB8-5635-454D-8CA1-E4B11AFAB84E}.Debug|x64.Build.0 = Debug|Any CPU
		{98441CB8-5635-454D-8CA1-E4B11AFAB84E}.Debug|x86.ActiveCfg = Debug|Any CPU
		{98441CB8-5635-454D-8CA1-E4B11AFAB84E}.Debug|x86.Build.0 = Debug|Any CPU
		{98441CB8-5635-454D-8CA1-E4B11AFAB84E}.Release|Any CPU.ActiveCfg = Release|Any CPU
		{98441CB8-5635-454D-8CA1-E4B11AFAB84E}.Release|Any CPU.Build.0 = Release|Any CPU
		{98441CB8-5635-454D-8CA1-E4B11AFAB84E}.Release|Mixed Platforms.ActiveCfg = Release|Any CPU
		{98441CB8-5635-454D-8CA1-E4B11AFAB84E}.Release|Mixed Platforms.Build.0 = Release|Any CPU
		{98441CB8-5635-454D-8CA1-E4B11AFAB84E}.Release|Win32.ActiveCfg = Release|Any CPU
		{98441CB8-5635-454D-8CA1-E4B11AFAB84E}.Release|Win32.Build.0 = Release|Any CPU
		{98441CB8-5635-454D-8CA1-E4B11AFAB84E}.Release|x64.ActiveCfg = Release|Any CPU
		{98441CB8-5635-454D-8CA1-E4B11AFAB84E}.Release|x64.Build.0 = Release|Any CPU
		{98441CB8-5635-454D-8CA1-E4B11AFAB84E}.Release|x86.ActiveCfg = Release|Any CPU
		{98441CB8-5635-454D-8CA1-E4B11AFAB84E}.Release|x86.Build.0 = Release|Any CPU
		{3071EBB5-C4B4-4E01-A5A2-6556F356D41A}.Debug|Any CPU.ActiveCfg = Debug|Any CPU
		{3071EBB5-C4B4-4E01-A5A2-6556F356D41A}.Debug|Any CPU.Build.0 = Debug|Any CPU
		{3071EBB5-C4B4-4E01-A5A2-6556F356D41A}.Debug|Mixed Platforms.ActiveCfg = Debug|Any CPU
		{3071EBB5-C4B4-4E01-A5A2-6556F356D41A}.Debug|Mixed Platforms.Build.0 = Debug|Any CPU
		{3071EBB5-C4B4-4E01-A5A2-6556F356D41A}.Debug|Win32.ActiveCfg = Debug|Any CPU
		{3071EBB5-C4B4-4E01-A5A2-6556F356D41A}.Debug|Win32.Build.0 = Debug|Any CPU
		{3071EBB5-C4B4-4E01-A5A2-6556F356D41A}.Debug|x64.ActiveCfg = Debug|Any CPU
		{3071EBB5-C4B4-4E01-A5A2-6556F356D41A}.Debug|x64.Build.0 = Debug|Any CPU
		{3071EBB5-C4B4-4E01-A5A2-6556F356D41A}.Debug|x86.ActiveCfg = Debug|Any CPU
		{3071EBB5-C4B4-4E01-A5A2-6556F356D41A}.Debug|x86.Build.0 = Debug|Any CPU
		{3071EBB5-C4B4-4E01-A5A2-6556F356D41A}.Release|Any CPU.ActiveCfg = Release|Any CPU
		{3071EBB5-C4B4-4E01-A5A2-6556F356D41A}.Release|Any CPU.Build.0 = Release|Any CPU
		{3071EBB5-C4B4-4E01-A5A2-6556F356D41A}.Release|Mixed Platforms.ActiveCfg = Release|Any CPU
		{3071EBB5-C4B4-4E01-A5A2-6556F356D41A}.Release|Mixed Platforms.Build.0 = Release|Any CPU
		{3071EBB5-C4B4-4E01-A5A2-6556F356D41A}.Release|Win32.ActiveCfg = Release|Any CPU
		{3071EBB5-C4B4-4E01-A5A2-6556F356D41A}.Release|Win32.Build.0 = Release|Any CPU
		{3071EBB5-C4B4-4E01-A5A2-6556F356D41A}.Release|x64.ActiveCfg = Release|Any CPU
		{3071EBB5-C4B4-4E01-A5A2-6556F356D41A}.Release|x64.Build.0 = Release|Any CPU
		{3071EBB5-C4B4-4E01-A5A2-6556F356D41A}.Release|x86.ActiveCfg = Release|Any CPU
		{3071EBB5-C4B4-4E01-A5A2-6556F356D41A}.Release|x86.Build.0 = Release|Any CPU
		{555027A4-648A-4DDC-A89D-3473A298F74F}.Debug|Any CPU.ActiveCfg = Debug|Any CPU
		{555027A4-648A-4DDC-A89D-3473A298F74F}.Debug|Any CPU.Build.0 = Debug|Any CPU
		{555027A4-648A-4DDC-A89D-3473A298F74F}.Debug|Mixed Platforms.ActiveCfg = Debug|Any CPU
		{555027A4-648A-4DDC-A89D-3473A298F74F}.Debug|Mixed Platforms.Build.0 = Debug|Any CPU
		{555027A4-648A-4DDC-A89D-3473A298F74F}.Debug|Win32.ActiveCfg = Debug|Any CPU
		{555027A4-648A-4DDC-A89D-3473A298F74F}.Debug|Win32.Build.0 = Debug|Any CPU
		{555027A4-648A-4DDC-A89D-3473A298F74F}.Debug|x64.ActiveCfg = Debug|Any CPU
		{555027A4-648A-4DDC-A89D-3473A298F74F}.Debug|x64.Build.0 = Debug|Any CPU
		{555027A4-648A-4DDC-A89D-3473A298F74F}.Debug|x86.ActiveCfg = Debug|Any CPU
		{555027A4-648A-4DDC-A89D-3473A298F74F}.Debug|x86.Build.0 = Debug|Any CPU
		{555027A4-648A-4DDC-A89D-3473A298F74F}.Release|Any CPU.ActiveCfg = Release|Any CPU
		{555027A4-648A-4DDC-A89D-3473A298F74F}.Release|Any CPU.Build.0 = Release|Any CPU
		{555027A4-648A-4DDC-A89D-3473A298F74F}.Release|Mixed Platforms.ActiveCfg = Release|Any CPU
		{555027A4-648A-4DDC-A89D-3473A298F74F}.Release|Mixed Platforms.Build.0 = Release|Any CPU
		{555027A4-648A-4DDC-A89D-3473A298F74F}.Release|Win32.ActiveCfg = Release|Any CPU
		{555027A4-648A-4DDC-A89D-3473A298F74F}.Release|Win32.Build.0 = Release|Any CPU
		{555027A4-648A-4DDC-A89D-3473A298F74F}.Release|x64.ActiveCfg = Release|Any CPU
		{555027A4-648A-4DDC-A89D-3473A298F74F}.Release|x64.Build.0 = Release|Any CPU
		{555027A4-648A-4DDC-A89D-3473A298F74F}.Release|x86.ActiveCfg = Release|Any CPU
		{555027A4-648A-4DDC-A89D-3473A298F74F}.Release|x86.Build.0 = Release|Any CPU
		{5C292BC5-B0D9-4EA2-B4B3-22CE0FFFBCD8}.Debug|Any CPU.ActiveCfg = Debug|Any CPU
		{5C292BC5-B0D9-4EA2-B4B3-22CE0FFFBCD8}.Debug|Any CPU.Build.0 = Debug|Any CPU
		{5C292BC5-B0D9-4EA2-B4B3-22CE0FFFBCD8}.Debug|Mixed Platforms.ActiveCfg = Debug|Any CPU
		{5C292BC5-B0D9-4EA2-B4B3-22CE0FFFBCD8}.Debug|Mixed Platforms.Build.0 = Debug|Any CPU
		{5C292BC5-B0D9-4EA2-B4B3-22CE0FFFBCD8}.Debug|Win32.ActiveCfg = Debug|Any CPU
		{5C292BC5-B0D9-4EA2-B4B3-22CE0FFFBCD8}.Debug|Win32.Build.0 = Debug|Any CPU
		{5C292BC5-B0D9-4EA2-B4B3-22CE0FFFBCD8}.Debug|x64.ActiveCfg = Debug|Any CPU
		{5C292BC5-B0D9-4EA2-B4B3-22CE0FFFBCD8}.Debug|x64.Build.0 = Debug|Any CPU
		{5C292BC5-B0D9-4EA2-B4B3-22CE0FFFBCD8}.Debug|x86.ActiveCfg = Debug|Any CPU
		{5C292BC5-B0D9-4EA2-B4B3-22CE0FFFBCD8}.Debug|x86.Build.0 = Debug|Any CPU
		{5C292BC5-B0D9-4EA2-B4B3-22CE0FFFBCD8}.Release|Any CPU.ActiveCfg = Release|Any CPU
		{5C292BC5-B0D9-4EA2-B4B3-22CE0FFFBCD8}.Release|Any CPU.Build.0 = Release|Any CPU
		{5C292BC5-B0D9-4EA2-B4B3-22CE0FFFBCD8}.Release|Mixed Platforms.ActiveCfg = Release|Any CPU
		{5C292BC5-B0D9-4EA2-B4B3-22CE0FFFBCD8}.Release|Mixed Platforms.Build.0 = Release|Any CPU
		{5C292BC5-B0D9-4EA2-B4B3-22CE0FFFBCD8}.Release|Win32.ActiveCfg = Release|Any CPU
		{5C292BC5-B0D9-4EA2-B4B3-22CE0FFFBCD8}.Release|Win32.Build.0 = Release|Any CPU
		{5C292BC5-B0D9-4EA2-B4B3-22CE0FFFBCD8}.Release|x64.ActiveCfg = Release|Any CPU
		{5C292BC5-B0D9-4EA2-B4B3-22CE0FFFBCD8}.Release|x64.Build.0 = Release|Any CPU
		{5C292BC5-B0D9-4EA2-B4B3-22CE0FFFBCD8}.Release|x86.ActiveCfg = Release|Any CPU
		{5C292BC5-B0D9-4EA2-B4B3-22CE0FFFBCD8}.Release|x86.Build.0 = Release|Any CPU
		{E574A57E-8CEA-4C61-BA1E-C7D9BC1B43F5}.Debug|Any CPU.ActiveCfg = Debug|Any CPU
		{E574A57E-8CEA-4C61-BA1E-C7D9BC1B43F5}.Debug|Any CPU.Build.0 = Debug|Any CPU
		{E574A57E-8CEA-4C61-BA1E-C7D9BC1B43F5}.Debug|Mixed Platforms.ActiveCfg = Debug|x64
		{E574A57E-8CEA-4C61-BA1E-C7D9BC1B43F5}.Debug|Mixed Platforms.Build.0 = Debug|x64
		{E574A57E-8CEA-4C61-BA1E-C7D9BC1B43F5}.Debug|Win32.ActiveCfg = Debug|x86
		{E574A57E-8CEA-4C61-BA1E-C7D9BC1B43F5}.Debug|Win32.Build.0 = Debug|x86
		{E574A57E-8CEA-4C61-BA1E-C7D9BC1B43F5}.Debug|x64.ActiveCfg = Debug|x64
		{E574A57E-8CEA-4C61-BA1E-C7D9BC1B43F5}.Debug|x64.Build.0 = Debug|x64
		{E574A57E-8CEA-4C61-BA1E-C7D9BC1B43F5}.Debug|x86.ActiveCfg = Debug|x86
		{E574A57E-8CEA-4C61-BA1E-C7D9BC1B43F5}.Debug|x86.Build.0 = Debug|x86
		{E574A57E-8CEA-4C61-BA1E-C7D9BC1B43F5}.Release|Any CPU.ActiveCfg = Release|Any CPU
		{E574A57E-8CEA-4C61-BA1E-C7D9BC1B43F5}.Release|Any CPU.Build.0 = Release|Any CPU
		{E574A57E-8CEA-4C61-BA1E-C7D9BC1B43F5}.Release|Mixed Platforms.ActiveCfg = Release|x64
		{E574A57E-8CEA-4C61-BA1E-C7D9BC1B43F5}.Release|Mixed Platforms.Build.0 = Release|x64
		{E574A57E-8CEA-4C61-BA1E-C7D9BC1B43F5}.Release|Win32.ActiveCfg = Release|x86
		{E574A57E-8CEA-4C61-BA1E-C7D9BC1B43F5}.Release|Win32.Build.0 = Release|x86
		{E574A57E-8CEA-4C61-BA1E-C7D9BC1B43F5}.Release|x64.ActiveCfg = Release|x64
		{E574A57E-8CEA-4C61-BA1E-C7D9BC1B43F5}.Release|x64.Build.0 = Release|x64
		{E574A57E-8CEA-4C61-BA1E-C7D9BC1B43F5}.Release|x86.ActiveCfg = Release|x86
		{E574A57E-8CEA-4C61-BA1E-C7D9BC1B43F5}.Release|x86.Build.0 = Release|x86
		{FDE52627-8CEB-4C4A-A455-9F5DDBB7923B}.Debug|Any CPU.ActiveCfg = Debug|Any CPU
		{FDE52627-8CEB-4C4A-A455-9F5DDBB7923B}.Debug|Any CPU.Build.0 = Debug|Any CPU
		{FDE52627-8CEB-4C4A-A455-9F5DDBB7923B}.Debug|Mixed Platforms.ActiveCfg = Debug|Any CPU
		{FDE52627-8CEB-4C4A-A455-9F5DDBB7923B}.Debug|Mixed Platforms.Build.0 = Debug|Any CPU
		{FDE52627-8CEB-4C4A-A455-9F5DDBB7923B}.Debug|Win32.ActiveCfg = Debug|Any CPU
		{FDE52627-8CEB-4C4A-A455-9F5DDBB7923B}.Debug|Win32.Build.0 = Debug|Any CPU
		{FDE52627-8CEB-4C4A-A455-9F5DDBB7923B}.Debug|x64.ActiveCfg = Debug|Any CPU
		{FDE52627-8CEB-4C4A-A455-9F5DDBB7923B}.Debug|x64.Build.0 = Debug|Any CPU
		{FDE52627-8CEB-4C4A-A455-9F5DDBB7923B}.Debug|x86.ActiveCfg = Debug|Any CPU
		{FDE52627-8CEB-4C4A-A455-9F5DDBB7923B}.Debug|x86.Build.0 = Debug|Any CPU
		{FDE52627-8CEB-4C4A-A455-9F5DDBB7923B}.Release|Any CPU.ActiveCfg = Release|Any CPU
		{FDE52627-8CEB-4C4A-A455-9F5DDBB7923B}.Release|Any CPU.Build.0 = Release|Any CPU
		{FDE52627-8CEB-4C4A-A455-9F5DDBB7923B}.Release|Mixed Platforms.ActiveCfg = Release|Any CPU
		{FDE52627-8CEB-4C4A-A455-9F5DDBB7923B}.Release|Mixed Platforms.Build.0 = Release|Any CPU
		{FDE52627-8CEB-4C4A-A455-9F5DDBB7923B}.Release|Win32.ActiveCfg = Release|Any CPU
		{FDE52627-8CEB-4C4A-A455-9F5DDBB7923B}.Release|Win32.Build.0 = Release|Any CPU
		{FDE52627-8CEB-4C4A-A455-9F5DDBB7923B}.Release|x64.ActiveCfg = Release|Any CPU
		{FDE52627-8CEB-4C4A-A455-9F5DDBB7923B}.Release|x64.Build.0 = Release|Any CPU
		{FDE52627-8CEB-4C4A-A455-9F5DDBB7923B}.Release|x86.ActiveCfg = Release|Any CPU
		{FDE52627-8CEB-4C4A-A455-9F5DDBB7923B}.Release|x86.Build.0 = Release|Any CPU
	EndGlobalSection
	GlobalSection(SolutionProperties) = preSolution
		HideSolutionNode = FALSE
	EndGlobalSection
	GlobalSection(ExtensibilityGlobals) = postSolution
		SolutionGuid = {771E35A8-6E4F-4F17-B0F4-A519C62690C1}
		RESX_SortFileContentOnSave = True
	EndGlobalSection
EndGlobal
