Microsoft Visual Studio Solution File, Format Version 12.00
# Visual Studio 2012
Project("{8BC9CEB8-8B4A-11D0-8D11-00A0C91BC942}") = "Opacimetro", "Opacimetro\Opacimetro.vcxproj", "{539B2E72-E479-3B44-85EC-25C404332F5F}"
	ProjectSection(ProjectDependencies) = postProject
		{FE2965AC-4086-32B3-8885-94D39EDBE27F} = {FE2965AC-4086-32B3-8885-94D39EDBE27F}
		{1B33542E-08EE-3AAF-B3C1-2D6E41721F1B} = {1B33542E-08EE-3AAF-B3C1-2D6E41721F1B}
	EndProjectSection
EndProject
Project("{8BC9CEB8-8B4A-11D0-8D11-00A0C91BC942}") = "OpacimetroTest", "OpacimetroTest\OpacimetroTest.vcxproj", "{461713EC-AA13-334D-91DB-4F0DA9ED8E89}"
	ProjectSection(ProjectDependencies) = postProject
		{539B2E72-E479-3B44-85EC-25C404332F5F} = {539B2E72-E479-3B44-85EC-25C404332F5F}
		{FE2965AC-4086-32B3-8885-94D39EDBE27F} = {FE2965AC-4086-32B3-8885-94D39EDBE27F}
		{1B33542E-08EE-3AAF-B3C1-2D6E41721F1B} = {1B33542E-08EE-3AAF-B3C1-2D6E41721F1B}
		{BE99245D-AAB6-3ACA-A941-EF8D5DE0491F} = {BE99245D-AAB6-3ACA-A941-EF8D5DE0491F}
	EndProjectSection
EndProject
Project("{8BC9CEB8-8B4A-11D0-8D11-00A0C91BC942}") = "DataChunk", "DataChunk\DataChunk.vcxproj", "{FE2965AC-4086-32B3-8885-94D39EDBE27F}"
EndProject
Project("{8BC9CEB8-8B4A-11D0-8D11-00A0C91BC942}") = "DataChunkTest", "DataChunkTest\DataChunkTest.vcxproj", "{F5D28F0C-18EE-370F-AAB8-1E47AFF36894}"
	ProjectSection(ProjectDependencies) = postProject
		{FE2965AC-4086-32B3-8885-94D39EDBE27F} = {FE2965AC-4086-32B3-8885-94D39EDBE27F}
	EndProjectSection
EndProject
Project("{8BC9CEB8-8B4A-11D0-8D11-00A0C91BC942}") = "Network", "Network\Network.vcxproj", "{1B33542E-08EE-3AAF-B3C1-2D6E41721F1B}"
EndProject
Project("{8BC9CEB8-8B4A-11D0-8D11-00A0C91BC942}") = "EoptisDeviceManager", "EoptisDeviceManager\EoptisDeviceManager.vcxproj", "{BE99245D-AAB6-3ACA-A941-EF8D5DE0491F}"
	ProjectSection(ProjectDependencies) = postProject
		{FE2965AC-4086-32B3-8885-94D39EDBE27F} = {FE2965AC-4086-32B3-8885-94D39EDBE27F}
		{1B33542E-08EE-3AAF-B3C1-2D6E41721F1B} = {1B33542E-08EE-3AAF-B3C1-2D6E41721F1B}
		{539B2E72-E479-3B44-85EC-25C404332F5F} = {539B2E72-E479-3B44-85EC-25C404332F5F}
	EndProjectSection
EndProject
Global
	GlobalSection(SolutionConfigurationPlatforms) = preSolution
		Debug|Win32 = Debug|Win32
		Debug|x64 = Debug|x64
		Release|Win32 = Release|Win32
		Release|x64 = Release|x64
	EndGlobalSection
	GlobalSection(ProjectConfigurationPlatforms) = postSolution
		{539B2E72-E479-3B44-85EC-25C404332F5F}.Debug|Win32.ActiveCfg = Debug|Win32
		{539B2E72-E479-3B44-85EC-25C404332F5F}.Debug|Win32.Build.0 = Debug|Win32
		{539B2E72-E479-3B44-85EC-25C404332F5F}.Debug|x64.ActiveCfg = Debug|x64
		{539B2E72-E479-3B44-85EC-25C404332F5F}.Debug|x64.Build.0 = Debug|x64
		{539B2E72-E479-3B44-85EC-25C404332F5F}.Release|Win32.ActiveCfg = Release|Win32
		{539B2E72-E479-3B44-85EC-25C404332F5F}.Release|Win32.Build.0 = Release|Win32
		{539B2E72-E479-3B44-85EC-25C404332F5F}.Release|x64.ActiveCfg = Release|x64
		{539B2E72-E479-3B44-85EC-25C404332F5F}.Release|x64.Build.0 = Release|x64
		{461713EC-AA13-334D-91DB-4F0DA9ED8E89}.Debug|Win32.ActiveCfg = Debug|Win32
		{461713EC-AA13-334D-91DB-4F0DA9ED8E89}.Debug|Win32.Build.0 = Debug|Win32
		{461713EC-AA13-334D-91DB-4F0DA9ED8E89}.Debug|x64.ActiveCfg = Debug|x64
		{461713EC-AA13-334D-91DB-4F0DA9ED8E89}.Debug|x64.Build.0 = Debug|x64
		{461713EC-AA13-334D-91DB-4F0DA9ED8E89}.Release|Win32.ActiveCfg = Release|Win32
		{461713EC-AA13-334D-91DB-4F0DA9ED8E89}.Release|Win32.Build.0 = Release|Win32
		{461713EC-AA13-334D-91DB-4F0DA9ED8E89}.Release|x64.ActiveCfg = Release|x64
		{461713EC-AA13-334D-91DB-4F0DA9ED8E89}.Release|x64.Build.0 = Release|x64
		{FE2965AC-4086-32B3-8885-94D39EDBE27F}.Debug|Win32.ActiveCfg = Debug|Win32
		{FE2965AC-4086-32B3-8885-94D39EDBE27F}.Debug|Win32.Build.0 = Debug|Win32
		{FE2965AC-4086-32B3-8885-94D39EDBE27F}.Debug|x64.ActiveCfg = Debug|x64
		{FE2965AC-4086-32B3-8885-94D39EDBE27F}.Debug|x64.Build.0 = Debug|x64
		{FE2965AC-4086-32B3-8885-94D39EDBE27F}.Release|Win32.ActiveCfg = Release|Win32
		{FE2965AC-4086-32B3-8885-94D39EDBE27F}.Release|Win32.Build.0 = Release|Win32
		{FE2965AC-4086-32B3-8885-94D39EDBE27F}.Release|x64.ActiveCfg = Release|x64
		{FE2965AC-4086-32B3-8885-94D39EDBE27F}.Release|x64.Build.0 = Release|x64
		{F5D28F0C-18EE-370F-AAB8-1E47AFF36894}.Debug|Win32.ActiveCfg = Debug|Win32
		{F5D28F0C-18EE-370F-AAB8-1E47AFF36894}.Debug|Win32.Build.0 = Debug|Win32
		{F5D28F0C-18EE-370F-AAB8-1E47AFF36894}.Debug|x64.ActiveCfg = Debug|x64
		{F5D28F0C-18EE-370F-AAB8-1E47AFF36894}.Debug|x64.Build.0 = Debug|x64
		{F5D28F0C-18EE-370F-AAB8-1E47AFF36894}.Release|Win32.ActiveCfg = Release|Win32
		{F5D28F0C-18EE-370F-AAB8-1E47AFF36894}.Release|Win32.Build.0 = Release|Win32
		{F5D28F0C-18EE-370F-AAB8-1E47AFF36894}.Release|x64.ActiveCfg = Release|x64
		{F5D28F0C-18EE-370F-AAB8-1E47AFF36894}.Release|x64.Build.0 = Release|x64
		{1B33542E-08EE-3AAF-B3C1-2D6E41721F1B}.Debug|Win32.ActiveCfg = Debug|Win32
		{1B33542E-08EE-3AAF-B3C1-2D6E41721F1B}.Debug|Win32.Build.0 = Debug|Win32
		{1B33542E-08EE-3AAF-B3C1-2D6E41721F1B}.Debug|x64.ActiveCfg = Debug|x64
		{1B33542E-08EE-3AAF-B3C1-2D6E41721F1B}.Debug|x64.Build.0 = Debug|x64
		{1B33542E-08EE-3AAF-B3C1-2D6E41721F1B}.Release|Win32.ActiveCfg = Release|Win32
		{1B33542E-08EE-3AAF-B3C1-2D6E41721F1B}.Release|Win32.Build.0 = Release|Win32
		{1B33542E-08EE-3AAF-B3C1-2D6E41721F1B}.Release|x64.ActiveCfg = Release|x64
		{1B33542E-08EE-3AAF-B3C1-2D6E41721F1B}.Release|x64.Build.0 = Release|x64
		{BE99245D-AAB6-3ACA-A941-EF8D5DE0491F}.Debug|Win32.ActiveCfg = Debug|Win32
		{BE99245D-AAB6-3ACA-A941-EF8D5DE0491F}.Debug|Win32.Build.0 = Debug|Win32
		{BE99245D-AAB6-3ACA-A941-EF8D5DE0491F}.Debug|x64.ActiveCfg = Debug|x64
		{BE99245D-AAB6-3ACA-A941-EF8D5DE0491F}.Debug|x64.Build.0 = Debug|x64
		{BE99245D-AAB6-3ACA-A941-EF8D5DE0491F}.Release|Win32.ActiveCfg = Release|Win32
		{BE99245D-AAB6-3ACA-A941-EF8D5DE0491F}.Release|Win32.Build.0 = Release|Win32
		{BE99245D-AAB6-3ACA-A941-EF8D5DE0491F}.Release|x64.ActiveCfg = Release|x64
		{BE99245D-AAB6-3ACA-A941-EF8D5DE0491F}.Release|x64.Build.0 = Release|x64
	EndGlobalSection
	GlobalSection(SolutionProperties) = preSolution
		HideSolutionNode = FALSE
	EndGlobalSection
EndGlobal
